
Microsoft Visual Studio Solution File, Format Version 12.00
# Visual Studio Version 17
VisualStudioVersion = 17.8.34408.163
MinimumVisualStudioVersion = 10.0.40219.1
Project("{FAE04EC0-301F-11D3-BF4B-00C04F79EFBC}") = "API", "API.csproj", "{0448FAD0-5E62-4A63-8C1E-E0C5D73ECAFB}"
EndProject
Project("{FAE04EC0-301F-11D3-BF4B-00C04F79EFBC}") = "BLL", "..\BLL\BLL.csproj", "{1D03985A-D3E7-4D05-8C82-6F292E3F27CA}"
EndProject
Project("{FAE04EC0-301F-11D3-BF4B-00C04F79EFBC}") = "DAL", "..\DAL\DAL.csproj", "{D97C033F-96D5-4CA6-B087-FA8392B02B3C}"
EndProject
Global
	GlobalSection(SolutionConfigurationPlatforms) = preSolution
		Debug|Any CPU = Debug|Any CPU
		Release|Any CPU = Release|Any CPU
	EndGlobalSection
	GlobalSection(ProjectConfigurationPlatforms) = postSolution
		{0448FAD0-5E62-4A63-8C1E-E0C5D73ECAFB}.Debug|Any CPU.ActiveCfg = Debug|Any CPU
		{0448FAD0-5E62-4A63-8C1E-E0C5D73ECAFB}.Debug|Any CPU.Build.0 = Debug|Any CPU
		{0448FAD0-5E62-4A63-8C1E-E0C5D73ECAFB}.Release|Any CPU.ActiveCfg = Release|Any CPU
		{0448FAD0-5E62-4A63-8C1E-E0C5D73ECAFB}.Release|Any CPU.Build.0 = Release|Any CPU
		{1D03985A-D3E7-4D05-8C82-6F292E3F27CA}.Debug|Any CPU.ActiveCfg = Debug|Any CPU
		{1D03985A-D3E7-4D05-8C82-6F292E3F27CA}.Debug|Any CPU.Build.0 = Debug|Any CPU
		{1D03985A-D3E7-4D05-8C82-6F292E3F27CA}.Release|Any CPU.ActiveCfg = Release|Any CPU
		{1D03985A-D3E7-4D05-8C82-6F292E3F27CA}.Release|Any CPU.Build.0 = Release|Any CPU
		{D97C033F-96D5-4CA6-B087-FA8392B02B3C}.Debug|Any CPU.ActiveCfg = Debug|Any CPU
		{D97C033F-96D5-4CA6-B087-FA8392B02B3C}.Debug|Any CPU.Build.0 = Debug|Any CPU
		{D97C033F-96D5-4CA6-B087-FA8392B02B3C}.Release|Any CPU.ActiveCfg = Release|Any CPU
		{D97C033F-96D5-4CA6-B087-FA8392B02B3C}.Release|Any CPU.Build.0 = Release|Any CPU
	EndGlobalSection
	GlobalSection(SolutionProperties) = preSolution
		HideSolutionNode = FALSE
	EndGlobalSection
	GlobalSection(ExtensibilityGlobals) = postSolution
		SolutionGuid = {2F5960E6-8711-4E4F-A471-090233B92F15}
	EndGlobalSection
EndGlobal
